
Microsoft Visual Studio Solution File, Format Version 12.00
# Visual Studio 15
Project("{FAE04EC0-301F-11D3-BF4B-00C04F79EFBC}") = "Assembly-CSharp", "Assembly-CSharp.csproj", "{55C71DF2-D054-D96F-DA21-3D4EFDF48A14}"
EndProject
Project("{FAE04EC0-301F-11D3-BF4B-00C04F79EFBC}") = "Assembly-CSharp-firstpass", "Assembly-CSharp-firstpass.csproj", "{5666F74F-247F-7423-5A15-7A0D56ADC3B3}"
EndProject
Project("{FAE04EC0-301F-11D3-BF4B-00C04F79EFBC}") = "Assembly-CSharp-Editor", "Assembly-CSharp-Editor.csproj", "{9ACD44B7-6128-292A-1C59-08399B7D194A}"
EndProject
Global
	GlobalSection(SolutionConfigurationPlatforms) = preSolution
		Debug|Any CPU = Debug|Any CPU
		Release|Any CPU = Release|Any CPU
	EndGlobalSection
	GlobalSection(ProjectConfigurationPlatforms) = postSolution
		{55C71DF2-D054-D96F-DA21-3D4EFDF48A14}.Debug|Any CPU.ActiveCfg = Debug|Any CPU
		{55C71DF2-D054-D96F-DA21-3D4EFDF48A14}.Debug|Any CPU.Build.0 = Debug|Any CPU
		{55C71DF2-D054-D96F-DA21-3D4EFDF48A14}.Release|Any CPU.ActiveCfg = Release|Any CPU
		{55C71DF2-D054-D96F-DA21-3D4EFDF48A14}.Release|Any CPU.Build.0 = Release|Any CPU
		{5666F74F-247F-7423-5A15-7A0D56ADC3B3}.Debug|Any CPU.ActiveCfg = Debug|Any CPU
		{5666F74F-247F-7423-5A15-7A0D56ADC3B3}.Debug|Any CPU.Build.0 = Debug|Any CPU
		{5666F74F-247F-7423-5A15-7A0D56ADC3B3}.Release|Any CPU.ActiveCfg = Release|Any CPU
		{5666F74F-247F-7423-5A15-7A0D56ADC3B3}.Release|Any CPU.Build.0 = Release|Any CPU
		{9ACD44B7-6128-292A-1C59-08399B7D194A}.Debug|Any CPU.ActiveCfg = Debug|Any CPU
		{9ACD44B7-6128-292A-1C59-08399B7D194A}.Debug|Any CPU.Build.0 = Debug|Any CPU
		{9ACD44B7-6128-292A-1C59-08399B7D194A}.Release|Any CPU.ActiveCfg = Release|Any CPU
		{9ACD44B7-6128-292A-1C59-08399B7D194A}.Release|Any CPU.Build.0 = Release|Any CPU
	EndGlobalSection
	GlobalSection(SolutionProperties) = preSolution
		HideSolutionNode = FALSE
	EndGlobalSection
EndGlobal
